# generated by rye
# use `rye lock` or `rye sync` to update this lockfile
#
# last locked with the following flags:
#   pre: false
#   features: []
#   all-features: false
#   with-sources: false
#   generate-hashes: false
#   universal: false

-e file:.
aiofiles==0.6.0
    # via otree
click==7.1.2
    # via uvicorn
h11==0.16.0
    # via uvicorn
itsdangerous==1.1.0
    # via otree
markupsafe==1.1.1
    # via otree
    # via wtforms
numpy==2.3.2
    # via emotionsgame
    # via pandas
otree==5.11.4
    # via emotionsgame
pandas==2.3.2
    # via emotionsgame
python-dateutil==2.9.0.post0
    # via pandas
python-multipart==0.0.5
    # via otree
pytz==2025.2
    # via pandas
six==1.17.0
    # via python-dateutil
    # via python-multipart
sqlalchemy==1.3.22
    # via otree
    # via wtforms-sqlalchemy
starlette==0.14.1
    # via otree
tabulate==0.9.0
    # via emotionsgame
tzdata==2025.2
    # via pandas
uvicorn==0.13.4
    # via otree
websockets==10.1
    # via otree
wtforms==2.3.3
    # via otree
    # via wtforms-sqlalchemy
wtforms-sqlalchemy==0.2
    # via otree
